
Microsoft Visual Studio Solution File, Format Version 12.00
# Visual Studio Version 16
VisualStudioVersion = 16.0.28803.352
MinimumVisualStudioVersion = 10.0.40219.1
Project("{FAE04EC0-301F-11D3-BF4B-00C04F79EFBC}") = "MyHome", "MyHome\MyHome.csproj", "{89E6DBD2-5DC2-4620-9BB6-CAA821910538}"
EndProject
Project("{9A19103F-16F7-4668-BE54-9A1E7A4F7556}") = "OpenWeatherAPI", "OpenWeather\OpenWeatherAPI.csproj", "{5E285804-6F0C-47C6-86FE-8B6F8247E67F}"
EndProject
Project("{FAE04EC0-301F-11D3-BF4B-00C04F79EFBC}") = "DropboxAPI", "DropboxAPI\DropboxAPI.csproj", "{E4EF71B0-0A18-4C1B-9739-1A2160BB26DF}"
EndProject
Project("{FAE04EC0-301F-11D3-BF4B-00C04F79EFBC}") = "NewsAPI", "NewsAPI\NewsAPI.csproj", "{584334B9-62FA-47C6-9FD5-FA93BBA4D33D}"
EndProject
Project("{9A19103F-16F7-4668-BE54-9A1E7A4F7556}") = "Hassie.NET.API.NewsAPI", "Hassie.API.NewsAPI\Hassie.NET.API.NewsAPI.csproj", "{353D472B-8F06-4ED5-82FD-F03AA27A56FB}"
EndProject
Project("{FAE04EC0-301F-11D3-BF4B-00C04F79EFBC}") = "BaasCommunication", "BaasCommunication\BaasCommunication.csproj", "{1E20151F-A17C-4CFD-8E23-315A879233E3}"
EndProject
Project("{FAE04EC0-301F-11D3-BF4B-00C04F79EFBC}") = "RSSFeed", "RSSFeed\RSSFeed.csproj", "{43004920-4EB8-4593-A122-C9C3A9EF48FD}"
EndProject
Global
	GlobalSection(SolutionConfigurationPlatforms) = preSolution
		Debug|Any CPU = Debug|Any CPU
		Debug|ARM = Debug|ARM
		Debug|ARM64 = Debug|ARM64
		Debug|x64 = Debug|x64
		Debug|x86 = Debug|x86
		Release|Any CPU = Release|Any CPU
		Release|ARM = Release|ARM
		Release|ARM64 = Release|ARM64
		Release|x64 = Release|x64
		Release|x86 = Release|x86
	EndGlobalSection
	GlobalSection(ProjectConfigurationPlatforms) = postSolution
		{89E6DBD2-5DC2-4620-9BB6-CAA821910538}.Debug|Any CPU.ActiveCfg = Debug|x86
		{89E6DBD2-5DC2-4620-9BB6-CAA821910538}.Debug|ARM.ActiveCfg = Debug|ARM
		{89E6DBD2-5DC2-4620-9BB6-CAA821910538}.Debug|ARM.Build.0 = Debug|ARM
		{89E6DBD2-5DC2-4620-9BB6-CAA821910538}.Debug|ARM.Deploy.0 = Debug|ARM
		{89E6DBD2-5DC2-4620-9BB6-CAA821910538}.Debug|ARM64.ActiveCfg = Debug|x86
		{89E6DBD2-5DC2-4620-9BB6-CAA821910538}.Debug|x64.ActiveCfg = Debug|x64
		{89E6DBD2-5DC2-4620-9BB6-CAA821910538}.Debug|x64.Build.0 = Debug|x64
		{89E6DBD2-5DC2-4620-9BB6-CAA821910538}.Debug|x64.Deploy.0 = Debug|x64
		{89E6DBD2-5DC2-4620-9BB6-CAA821910538}.Debug|x86.ActiveCfg = Debug|x86
		{89E6DBD2-5DC2-4620-9BB6-CAA821910538}.Debug|x86.Build.0 = Debug|x86
		{89E6DBD2-5DC2-4620-9BB6-CAA821910538}.Debug|x86.Deploy.0 = Debug|x86
		{89E6DBD2-5DC2-4620-9BB6-CAA821910538}.Release|Any CPU.ActiveCfg = Release|x86
		{89E6DBD2-5DC2-4620-9BB6-CAA821910538}.Release|ARM.ActiveCfg = Release|ARM
		{89E6DBD2-5DC2-4620-9BB6-CAA821910538}.Release|ARM.Build.0 = Release|ARM
		{89E6DBD2-5DC2-4620-9BB6-CAA821910538}.Release|ARM.Deploy.0 = Release|ARM
		{89E6DBD2-5DC2-4620-9BB6-CAA821910538}.Release|ARM64.ActiveCfg = Release|x86
		{89E6DBD2-5DC2-4620-9BB6-CAA821910538}.Release|x64.ActiveCfg = Release|x64
		{89E6DBD2-5DC2-4620-9BB6-CAA821910538}.Release|x64.Build.0 = Release|x64
		{89E6DBD2-5DC2-4620-9BB6-CAA821910538}.Release|x64.Deploy.0 = Release|x64
		{89E6DBD2-5DC2-4620-9BB6-CAA821910538}.Release|x86.ActiveCfg = Release|x86
		{89E6DBD2-5DC2-4620-9BB6-CAA821910538}.Release|x86.Build.0 = Release|x86
		{89E6DBD2-5DC2-4620-9BB6-CAA821910538}.Release|x86.Deploy.0 = Release|x86
		{5E285804-6F0C-47C6-86FE-8B6F8247E67F}.Debug|Any CPU.ActiveCfg = Debug|Any CPU
		{5E285804-6F0C-47C6-86FE-8B6F8247E67F}.Debug|Any CPU.Build.0 = Debug|Any CPU
		{5E285804-6F0C-47C6-86FE-8B6F8247E67F}.Debug|ARM.ActiveCfg = Debug|Any CPU
		{5E285804-6F0C-47C6-86FE-8B6F8247E67F}.Debug|ARM.Build.0 = Debug|Any CPU
		{5E285804-6F0C-47C6-86FE-8B6F8247E67F}.Debug|ARM64.ActiveCfg = Debug|Any CPU
		{5E285804-6F0C-47C6-86FE-8B6F8247E67F}.Debug|ARM64.Build.0 = Debug|Any CPU
		{5E285804-6F0C-47C6-86FE-8B6F8247E67F}.Debug|x64.ActiveCfg = Debug|Any CPU
		{5E285804-6F0C-47C6-86FE-8B6F8247E67F}.Debug|x64.Build.0 = Debug|Any CPU
		{5E285804-6F0C-47C6-86FE-8B6F8247E67F}.Debug|x86.ActiveCfg = Debug|Any CPU
		{5E285804-6F0C-47C6-86FE-8B6F8247E67F}.Debug|x86.Build.0 = Debug|Any CPU
		{5E285804-6F0C-47C6-86FE-8B6F8247E67F}.Release|Any CPU.ActiveCfg = Release|Any CPU
		{5E285804-6F0C-47C6-86FE-8B6F8247E67F}.Release|Any CPU.Build.0 = Release|Any CPU
		{5E285804-6F0C-47C6-86FE-8B6F8247E67F}.Release|ARM.ActiveCfg = Release|Any CPU
		{5E285804-6F0C-47C6-86FE-8B6F8247E67F}.Release|ARM.Build.0 = Release|Any CPU
		{5E285804-6F0C-47C6-86FE-8B6F8247E67F}.Release|ARM64.ActiveCfg = Release|Any CPU
		{5E285804-6F0C-47C6-86FE-8B6F8247E67F}.Release|ARM64.Build.0 = Release|Any CPU
		{5E285804-6F0C-47C6-86FE-8B6F8247E67F}.Release|x64.ActiveCfg = Release|Any CPU
		{5E285804-6F0C-47C6-86FE-8B6F8247E67F}.Release|x64.Build.0 = Release|Any CPU
		{5E285804-6F0C-47C6-86FE-8B6F8247E67F}.Release|x86.ActiveCfg = Release|Any CPU
		{5E285804-6F0C-47C6-86FE-8B6F8247E67F}.Release|x86.Build.0 = Release|Any CPU
		{E4EF71B0-0A18-4C1B-9739-1A2160BB26DF}.Debug|Any CPU.ActiveCfg = Debug|Any CPU
		{E4EF71B0-0A18-4C1B-9739-1A2160BB26DF}.Debug|Any CPU.Build.0 = Debug|Any CPU
		{E4EF71B0-0A18-4C1B-9739-1A2160BB26DF}.Debug|ARM.ActiveCfg = Debug|ARM
		{E4EF71B0-0A18-4C1B-9739-1A2160BB26DF}.Debug|ARM.Build.0 = Debug|ARM
		{E4EF71B0-0A18-4C1B-9739-1A2160BB26DF}.Debug|ARM64.ActiveCfg = Debug|ARM64
		{E4EF71B0-0A18-4C1B-9739-1A2160BB26DF}.Debug|ARM64.Build.0 = Debug|ARM64
		{E4EF71B0-0A18-4C1B-9739-1A2160BB26DF}.Debug|x64.ActiveCfg = Debug|x64
		{E4EF71B0-0A18-4C1B-9739-1A2160BB26DF}.Debug|x64.Build.0 = Debug|x64
		{E4EF71B0-0A18-4C1B-9739-1A2160BB26DF}.Debug|x86.ActiveCfg = Debug|x86
		{E4EF71B0-0A18-4C1B-9739-1A2160BB26DF}.Debug|x86.Build.0 = Debug|x86
		{E4EF71B0-0A18-4C1B-9739-1A2160BB26DF}.Release|Any CPU.ActiveCfg = Release|Any CPU
		{E4EF71B0-0A18-4C1B-9739-1A2160BB26DF}.Release|Any CPU.Build.0 = Release|Any CPU
		{E4EF71B0-0A18-4C1B-9739-1A2160BB26DF}.Release|ARM.ActiveCfg = Release|ARM
		{E4EF71B0-0A18-4C1B-9739-1A2160BB26DF}.Release|ARM.Build.0 = Release|ARM
		{E4EF71B0-0A18-4C1B-9739-1A2160BB26DF}.Release|ARM64.ActiveCfg = Release|ARM64
		{E4EF71B0-0A18-4C1B-9739-1A2160BB26DF}.Release|ARM64.Build.0 = Release|ARM64
		{E4EF71B0-0A18-4C1B-9739-1A2160BB26DF}.Release|x64.ActiveCfg = Release|x64
		{E4EF71B0-0A18-4C1B-9739-1A2160BB26DF}.Release|x64.Build.0 = Release|x64
		{E4EF71B0-0A18-4C1B-9739-1A2160BB26DF}.Release|x86.ActiveCfg = Release|x86
		{E4EF71B0-0A18-4C1B-9739-1A2160BB26DF}.Release|x86.Build.0 = Release|x86
		{584334B9-62FA-47C6-9FD5-FA93BBA4D33D}.Debug|Any CPU.ActiveCfg = Debug|Any CPU
		{584334B9-62FA-47C6-9FD5-FA93BBA4D33D}.Debug|Any CPU.Build.0 = Debug|Any CPU
		{584334B9-62FA-47C6-9FD5-FA93BBA4D33D}.Debug|ARM.ActiveCfg = Debug|ARM
		{584334B9-62FA-47C6-9FD5-FA93BBA4D33D}.Debug|ARM.Build.0 = Debug|ARM
		{584334B9-62FA-47C6-9FD5-FA93BBA4D33D}.Debug|ARM64.ActiveCfg = Debug|ARM64
		{584334B9-62FA-47C6-9FD5-FA93BBA4D33D}.Debug|ARM64.Build.0 = Debug|ARM64
		{584334B9-62FA-47C6-9FD5-FA93BBA4D33D}.Debug|x64.ActiveCfg = Debug|x64
		{584334B9-62FA-47C6-9FD5-FA93BBA4D33D}.Debug|x64.Build.0 = Debug|x64
		{584334B9-62FA-47C6-9FD5-FA93BBA4D33D}.Debug|x86.ActiveCfg = Debug|x86
		{584334B9-62FA-47C6-9FD5-FA93BBA4D33D}.Debug|x86.Build.0 = Debug|x86
		{584334B9-62FA-47C6-9FD5-FA93BBA4D33D}.Release|Any CPU.ActiveCfg = Release|Any CPU
		{584334B9-62FA-47C6-9FD5-FA93BBA4D33D}.Release|Any CPU.Build.0 = Release|Any CPU
		{584334B9-62FA-47C6-9FD5-FA93BBA4D33D}.Release|ARM.ActiveCfg = Release|ARM
		{584334B9-62FA-47C6-9FD5-FA93BBA4D33D}.Release|ARM.Build.0 = Release|ARM
		{584334B9-62FA-47C6-9FD5-FA93BBA4D33D}.Release|ARM64.ActiveCfg = Release|ARM64
		{584334B9-62FA-47C6-9FD5-FA93BBA4D33D}.Release|ARM64.Build.0 = Release|ARM64
		{584334B9-62FA-47C6-9FD5-FA93BBA4D33D}.Release|x64.ActiveCfg = Release|x64
		{584334B9-62FA-47C6-9FD5-FA93BBA4D33D}.Release|x64.Build.0 = Release|x64
		{584334B9-62FA-47C6-9FD5-FA93BBA4D33D}.Release|x86.ActiveCfg = Release|x86
		{584334B9-62FA-47C6-9FD5-FA93BBA4D33D}.Release|x86.Build.0 = Release|x86
		{353D472B-8F06-4ED5-82FD-F03AA27A56FB}.Debug|Any CPU.ActiveCfg = Debug|Any CPU
		{353D472B-8F06-4ED5-82FD-F03AA27A56FB}.Debug|Any CPU.Build.0 = Debug|Any CPU
		{353D472B-8F06-4ED5-82FD-F03AA27A56FB}.Debug|ARM.ActiveCfg = Debug|Any CPU
		{353D472B-8F06-4ED5-82FD-F03AA27A56FB}.Debug|ARM.Build.0 = Debug|Any CPU
		{353D472B-8F06-4ED5-82FD-F03AA27A56FB}.Debug|ARM64.ActiveCfg = Debug|Any CPU
		{353D472B-8F06-4ED5-82FD-F03AA27A56FB}.Debug|ARM64.Build.0 = Debug|Any CPU
		{353D472B-8F06-4ED5-82FD-F03AA27A56FB}.Debug|x64.ActiveCfg = Debug|Any CPU
		{353D472B-8F06-4ED5-82FD-F03AA27A56FB}.Debug|x64.Build.0 = Debug|Any CPU
		{353D472B-8F06-4ED5-82FD-F03AA27A56FB}.Debug|x86.ActiveCfg = Debug|Any CPU
		{353D472B-8F06-4ED5-82FD-F03AA27A56FB}.Debug|x86.Build.0 = Debug|Any CPU
		{353D472B-8F06-4ED5-82FD-F03AA27A56FB}.Release|Any CPU.ActiveCfg = Release|Any CPU
		{353D472B-8F06-4ED5-82FD-F03AA27A56FB}.Release|Any CPU.Build.0 = Release|Any CPU
		{353D472B-8F06-4ED5-82FD-F03AA27A56FB}.Release|ARM.ActiveCfg = Release|Any CPU
		{353D472B-8F06-4ED5-82FD-F03AA27A56FB}.Release|ARM.Build.0 = Release|Any CPU
		{353D472B-8F06-4ED5-82FD-F03AA27A56FB}.Release|ARM64.ActiveCfg = Release|Any CPU
		{353D472B-8F06-4ED5-82FD-F03AA27A56FB}.Release|ARM64.Build.0 = Release|Any CPU
		{353D472B-8F06-4ED5-82FD-F03AA27A56FB}.Release|x64.ActiveCfg = Release|Any CPU
		{353D472B-8F06-4ED5-82FD-F03AA27A56FB}.Release|x64.Build.0 = Release|Any CPU
		{353D472B-8F06-4ED5-82FD-F03AA27A56FB}.Release|x86.ActiveCfg = Release|Any CPU
		{353D472B-8F06-4ED5-82FD-F03AA27A56FB}.Release|x86.Build.0 = Release|Any CPU
		{1E20151F-A17C-4CFD-8E23-315A879233E3}.Debug|Any CPU.ActiveCfg = Debug|Any CPU
		{1E20151F-A17C-4CFD-8E23-315A879233E3}.Debug|Any CPU.Build.0 = Debug|Any CPU
		{1E20151F-A17C-4CFD-8E23-315A879233E3}.Debug|ARM.ActiveCfg = Debug|ARM
		{1E20151F-A17C-4CFD-8E23-315A879233E3}.Debug|ARM.Build.0 = Debug|ARM
		{1E20151F-A17C-4CFD-8E23-315A879233E3}.Debug|ARM64.ActiveCfg = Debug|ARM64
		{1E20151F-A17C-4CFD-8E23-315A879233E3}.Debug|ARM64.Build.0 = Debug|ARM64
		{1E20151F-A17C-4CFD-8E23-315A879233E3}.Debug|x64.ActiveCfg = Debug|x64
		{1E20151F-A17C-4CFD-8E23-315A879233E3}.Debug|x64.Build.0 = Debug|x64
		{1E20151F-A17C-4CFD-8E23-315A879233E3}.Debug|x86.ActiveCfg = Debug|x86
		{1E20151F-A17C-4CFD-8E23-315A879233E3}.Debug|x86.Build.0 = Debug|x86
		{1E20151F-A17C-4CFD-8E23-315A879233E3}.Release|Any CPU.ActiveCfg = Release|Any CPU
		{1E20151F-A17C-4CFD-8E23-315A879233E3}.Release|Any CPU.Build.0 = Release|Any CPU
		{1E20151F-A17C-4CFD-8E23-315A879233E3}.Release|ARM.ActiveCfg = Release|ARM
		{1E20151F-A17C-4CFD-8E23-315A879233E3}.Release|ARM.Build.0 = Release|ARM
		{1E20151F-A17C-4CFD-8E23-315A879233E3}.Release|ARM64.ActiveCfg = Release|ARM64
		{1E20151F-A17C-4CFD-8E23-315A879233E3}.Release|ARM64.Build.0 = Release|ARM64
		{1E20151F-A17C-4CFD-8E23-315A879233E3}.Release|x64.ActiveCfg = Release|x64
		{1E20151F-A17C-4CFD-8E23-315A879233E3}.Release|x64.Build.0 = Release|x64
		{1E20151F-A17C-4CFD-8E23-315A879233E3}.Release|x86.ActiveCfg = Release|x86
		{1E20151F-A17C-4CFD-8E23-315A879233E3}.Release|x86.Build.0 = Release|x86
		{43004920-4EB8-4593-A122-C9C3A9EF48FD}.Debug|Any CPU.ActiveCfg = Debug|Any CPU
		{43004920-4EB8-4593-A122-C9C3A9EF48FD}.Debug|Any CPU.Build.0 = Debug|Any CPU
		{43004920-4EB8-4593-A122-C9C3A9EF48FD}.Debug|ARM.ActiveCfg = Debug|ARM
		{43004920-4EB8-4593-A122-C9C3A9EF48FD}.Debug|ARM.Build.0 = Debug|ARM
		{43004920-4EB8-4593-A122-C9C3A9EF48FD}.Debug|ARM64.ActiveCfg = Debug|ARM64
		{43004920-4EB8-4593-A122-C9C3A9EF48FD}.Debug|ARM64.Build.0 = Debug|ARM64
		{43004920-4EB8-4593-A122-C9C3A9EF48FD}.Debug|x64.ActiveCfg = Debug|x64
		{43004920-4EB8-4593-A122-C9C3A9EF48FD}.Debug|x64.Build.0 = Debug|x64
		{43004920-4EB8-4593-A122-C9C3A9EF48FD}.Debug|x86.ActiveCfg = Debug|x86
		{43004920-4EB8-4593-A122-C9C3A9EF48FD}.Debug|x86.Build.0 = Debug|x86
		{43004920-4EB8-4593-A122-C9C3A9EF48FD}.Release|Any CPU.ActiveCfg = Release|Any CPU
		{43004920-4EB8-4593-A122-C9C3A9EF48FD}.Release|Any CPU.Build.0 = Release|Any CPU
		{43004920-4EB8-4593-A122-C9C3A9EF48FD}.Release|ARM.ActiveCfg = Release|ARM
		{43004920-4EB8-4593-A122-C9C3A9EF48FD}.Release|ARM.Build.0 = Release|ARM
		{43004920-4EB8-4593-A122-C9C3A9EF48FD}.Release|ARM64.ActiveCfg = Release|ARM64
		{43004920-4EB8-4593-A122-C9C3A9EF48FD}.Release|ARM64.Build.0 = Release|ARM64
		{43004920-4EB8-4593-A122-C9C3A9EF48FD}.Release|x64.ActiveCfg = Release|x64
		{43004920-4EB8-4593-A122-C9C3A9EF48FD}.Release|x64.Build.0 = Release|x64
		{43004920-4EB8-4593-A122-C9C3A9EF48FD}.Release|x86.ActiveCfg = Release|x86
		{43004920-4EB8-4593-A122-C9C3A9EF48FD}.Release|x86.Build.0 = Release|x86
	EndGlobalSection
	GlobalSection(SolutionProperties) = preSolution
		HideSolutionNode = FALSE
	EndGlobalSection
	GlobalSection(ExtensibilityGlobals) = postSolution
		SolutionGuid = {7DB27613-3521-435F-932B-E1008FB08231}
	EndGlobalSection
EndGlobal
